
Microsoft Visual Studio Solution File, Format Version 12.00
# Visual Studio Version 17
VisualStudioVersion = 17.0.31903.59
MinimumVisualStudioVersion = 10.0.40219.1
Project("{9A19103F-16F7-4668-BE54-9A1E7A4F7556}") = "MongoBenchmarkApp", "src\MongoBenchmarkApp\MongoBenchmarkApp.csproj", "{5D764744-308A-4C12-B618-1038A9D3E4AA}"
EndProject
Global
	GlobalSection(SolutionConfigurationPlatforms) = preSolution
		Debug|Any CPU = Debug|Any CPU
		Release|Any CPU = Release|Any CPU
	EndGlobalSection
	GlobalSection(ProjectConfigurationPlatforms) = postSolution
		{5D764744-308A-4C12-B618-1038A9D3E4AA}.Debug|Any CPU.ActiveCfg = Debug|Any CPU
		{5D764744-308A-4C12-B618-1038A9D3E4AA}.Debug|Any CPU.Build.0 = Debug|Any CPU
		{5D764744-308A-4C12-B618-1038A9D3E4AA}.Release|Any CPU.ActiveCfg = Release|Any CPU
		{5D764744-308A-4C12-B618-1038A9D3E4AA}.Release|Any CPU.Build.0 = Release|Any CPU
	EndGlobalSection
	GlobalSection(SolutionProperties) = preSolution
		HideSolutionNode = FALSE
	EndGlobalSection
	GlobalSection(ExtensibilityGlobals) = postSolution
		SolutionGuid = {0BC2DD36-C272-4FFA-B4A5-256F483EDFB4}
	EndGlobalSection
EndGlobal
